{
  "name": "traversymedia",
  "version": "1.0.0",
  "lockfileVersion": 3,
  "requires": true,
  "packages": {
    "": {
      "name": "traversymedia",
      "version": "1.0.0",
      "license": "MIT",
      "dependencies": {
        "rutility": "^1.0.16"
      }
    },
    "node_modules/rutility": {
      "version": "1.0.16",
      "resolved": "https://registry.npmjs.org/rutility/-/rutility-1.0.16.tgz",
      "integrity": "sha512-140bpzXlgbl1DTXt8V9CvxfalWBP5vsBYq5ef4nReSXMWnNfMM0Hl1CTUw6jo+8mIfyh7YReiOh0onYd70IYZg==",
      "license": "MIT"
    }
  }
}
